
Microsoft Visual Studio Solution File, Format Version 12.00
# Visual Studio Version 16
VisualStudioVersion = 16.0.30225.117
MinimumVisualStudioVersion = 10.0.40219.1
Project("{9A19103F-16F7-4668-BE54-9A1E7A4F7556}") = "WEB SERVER - ASYNCHRONOUS PROCESSING", "WEB SERVER - ASYNCHRONOUS PROCESSING\WEB SERVER - ASYNCHRONOUS PROCESSING.csproj", "{DFDD7769-4053-43E0-B3F6-8E7F164CA529}"
EndProject
Project("{9A19103F-16F7-4668-BE54-9A1E7A4F7556}") = "ConsoleApp1", "ConsoleApp1\ConsoleApp1.csproj", "{E7BD2B78-0752-44CB-8BDC-C1264041A1FA}"
EndProject
Project("{FAE04EC0-301F-11D3-BF4B-00C04F79EFBC}") = "test", "test\test.csproj", "{C9B68D15-2968-4E05-9872-57FECFE6C63C}"
EndProject
Global
	GlobalSection(SolutionConfigurationPlatforms) = preSolution
		Debug|Any CPU = Debug|Any CPU
		Release|Any CPU = Release|Any CPU
	EndGlobalSection
	GlobalSection(ProjectConfigurationPlatforms) = postSolution
		{DFDD7769-4053-43E0-B3F6-8E7F164CA529}.Debug|Any CPU.ActiveCfg = Debug|Any CPU
		{DFDD7769-4053-43E0-B3F6-8E7F164CA529}.Debug|Any CPU.Build.0 = Debug|Any CPU
		{DFDD7769-4053-43E0-B3F6-8E7F164CA529}.Release|Any CPU.ActiveCfg = Release|Any CPU
		{DFDD7769-4053-43E0-B3F6-8E7F164CA529}.Release|Any CPU.Build.0 = Release|Any CPU
		{E7BD2B78-0752-44CB-8BDC-C1264041A1FA}.Debug|Any CPU.ActiveCfg = Debug|Any CPU
		{E7BD2B78-0752-44CB-8BDC-C1264041A1FA}.Debug|Any CPU.Build.0 = Debug|Any CPU
		{E7BD2B78-0752-44CB-8BDC-C1264041A1FA}.Release|Any CPU.ActiveCfg = Release|Any CPU
		{E7BD2B78-0752-44CB-8BDC-C1264041A1FA}.Release|Any CPU.Build.0 = Release|Any CPU
		{C9B68D15-2968-4E05-9872-57FECFE6C63C}.Debug|Any CPU.ActiveCfg = Debug|Any CPU
		{C9B68D15-2968-4E05-9872-57FECFE6C63C}.Debug|Any CPU.Build.0 = Debug|Any CPU
		{C9B68D15-2968-4E05-9872-57FECFE6C63C}.Release|Any CPU.ActiveCfg = Release|Any CPU
		{C9B68D15-2968-4E05-9872-57FECFE6C63C}.Release|Any CPU.Build.0 = Release|Any CPU
	EndGlobalSection
	GlobalSection(SolutionProperties) = preSolution
		HideSolutionNode = FALSE
	EndGlobalSection
	GlobalSection(ExtensibilityGlobals) = postSolution
		SolutionGuid = {610EB59C-E36F-42DB-B4CA-CE13BE887C25}
	EndGlobalSection
EndGlobal
